
Microsoft Visual Studio Solution File, Format Version 12.00
# Visual Studio Version 17
VisualStudioVersion = 17.9.34607.119
MinimumVisualStudioVersion = 10.0.40219.1
Project("{FAE04EC0-301F-11D3-BF4B-00C04F79EFBC}") = "Companies", "Companies\Companies.csproj", "{F6DFC3FA-686E-4399-A3DB-6614A4037BB0}"
EndProject
Global
	GlobalSection(SolutionConfigurationPlatforms) = preSolution
		Debug|Any CPU = Debug|Any CPU
		Release|Any CPU = Release|Any CPU
	EndGlobalSection
	GlobalSection(ProjectConfigurationPlatforms) = postSolution
		{F6DFC3FA-686E-4399-A3DB-6614A4037BB0}.Debug|Any CPU.ActiveCfg = Debug|Any CPU
		{F6DFC3FA-686E-4399-A3DB-6614A4037BB0}.Debug|Any CPU.Build.0 = Debug|Any CPU
		{F6DFC3FA-686E-4399-A3DB-6614A4037BB0}.Release|Any CPU.ActiveCfg = Release|Any CPU
		{F6DFC3FA-686E-4399-A3DB-6614A4037BB0}.Release|Any CPU.Build.0 = Release|Any CPU
	EndGlobalSection
	GlobalSection(SolutionProperties) = preSolution
		HideSolutionNode = FALSE
	EndGlobalSection
	GlobalSection(ExtensibilityGlobals) = postSolution
		SolutionGuid = {C798727E-963F-4DCE-944F-FF1A8F01343C}
	EndGlobalSection
EndGlobal
